# THIS IS AN AUTOGENERATED FILE. DO NOT EDIT THIS FILE DIRECTLY.
# yarn lockfile v1


moment@^2.24.0:
  version "2.24.0"
  resolved "https://registry.yarnpkg.com/moment/-/moment-2.24.0.tgz#0d055d53f5052aa653c9f6eb68bb5d12bf5c2b5b"
  integrity sha512-bV7f+6l2QigeBBZSM/6yTNq4P2fNpSWj/0e7jQcy87A8e7o2nAfP/34/2ky5Vw4B9S446EtIhodAzkFCcR4dQg==

react-moment@^0.9.2:
  version "0.9.2"
  resolved "https://registry.yarnpkg.com/react-moment/-/react-moment-0.9.2.tgz#1cdc6ed02f1735282282129edf0f607f420df039"
  integrity sha512-jpKIEvcEOTSa4RXWTjDlvja7sN+ee5Gyk5ZKa704FZxE01OxmKIpq9GUliqTrAgdDYJJUQsnqQamczn0TN+DTg==
